// !$*UTF8*$!
{
	archiveVersion = 1;
	classes = {
	};
	objectVersion = 56;
	objects = {

/* Begin PBXBuildFile section */
		2B01F8662937A4460067385A /* AppDelegate.swift in Sources */ = {isa = PBXBuildFile; fileRef = 2B01F8652937A4460067385A /* AppDelegate.swift */; };
		2B01F8682937A4460067385A /* SceneDelegate.swift in Sources */ = {isa = PBXBuildFile; fileRef = 2B01F8672937A4460067385A /* SceneDelegate.swift */; };
		2B01F86D2937A4460067385A /* Main.storyboard in Resources */ = {isa = PBXBuildFile; fileRef = 2B01F86B2937A4460067385A /* Main.storyboard */; };
		2B01F86F2937A4480067385A /* Assets.xcassets in Resources */ = {isa = PBXBuildFile; fileRef = 2B01F86E2937A4480067385A /* Assets.xcassets */; };
		2B01F8722937A4480067385A /* LaunchScreen.storyboard in Resources */ = {isa = PBXBuildFile; fileRef = 2B01F8702937A4480067385A /* LaunchScreen.storyboard */; };
		2B01F87A2937A45C0067385A /* GoogleService-Info.plist in Resources */ = {isa = PBXBuildFile; fileRef = 2B01F8792937A45C0067385A /* GoogleService-Info.plist */; };
		2B01F8982938F19D0067385A /* ProfileViewController.swift in Sources */ = {isa = PBXBuildFile; fileRef = 2B01F8972938F19D0067385A /* ProfileViewController.swift */; };
		2B01F89A2938F5580067385A /* EventsViewController.swift in Sources */ = {isa = PBXBuildFile; fileRef = 2B01F8992938F5580067385A /* EventsViewController.swift */; };
		2B59AE19296D8307003E2015 /* data.json in Resources */ = {isa = PBXBuildFile; fileRef = 2B59AE18296D8306003E2015 /* data.json */; };
		2B67B0072974905F00B7FE38 /* BookingsViewCell.swift in Sources */ = {isa = PBXBuildFile; fileRef = 2B67B0062974905F00B7FE38 /* BookingsViewCell.swift */; };
		2BA6F083296B9AC0000B3010 /* EventCell.swift in Sources */ = {isa = PBXBuildFile; fileRef = 2BA6F082296B9ABF000B3010 /* EventCell.swift */; };
		2BA6F087296C9F9C000B3010 /* CrowdMapViewController.swift in Sources */ = {isa = PBXBuildFile; fileRef = 2BA6F086296C9F9C000B3010 /* CrowdMapViewController.swift */; };
		2BA6F089296C9FAF000B3010 /* RootARViewController.swift in Sources */ = {isa = PBXBuildFile; fileRef = 2BA6F088296C9FAF000B3010 /* RootARViewController.swift */; };
		2BC283EA2974473200D80DB2 /* EventsListHeaderView.swift in Sources */ = {isa = PBXBuildFile; fileRef = 2BC283E92974473200D80DB2 /* EventsListHeaderView.swift */; };
		2BC283EC2974597300D80DB2 /* CollectionReusableView.swift in Sources */ = {isa = PBXBuildFile; fileRef = 2BC283EB2974597300D80DB2 /* CollectionReusableView.swift */; };
		2BCFB445296CC48D00C2AB7E /* RealityKit.framework in Frameworks */ = {isa = PBXBuildFile; fileRef = 2B36ED19296CBA8E009EE219 /* RealityKit.framework */; };
		2BCFB447296CC76C00C2AB7E /* Experience.rcproject in Sources */ = {isa = PBXBuildFile; fileRef = 2BCFB446296CC76B00C2AB7E /* Experience.rcproject */; };
		2BCFB449296CCAE900C2AB7E /* ARViewController.swift in Sources */ = {isa = PBXBuildFile; fileRef = 2BCFB448296CCAE900C2AB7E /* ARViewController.swift */; };
		99031E230E0283E05C259C3A /* Pods_WorldScienceFestival.framework in Frameworks */ = {isa = PBXBuildFile; fileRef = F3A13C1B453C19C721E84BF2 /* Pods_WorldScienceFestival.framework */; };
/* End PBXBuildFile section */

/* Begin PBXFileReference section */
		2B01F8622937A4460067385A /* WorldScienceFestival.app */ = {isa = PBXFileReference; explicitFileType = wrapper.application; includeInIndex = 0; path = WorldScienceFestival.app; sourceTree = BUILT_PRODUCTS_DIR; };
		2B01F8652937A4460067385A /* AppDelegate.swift */ = {isa = PBXFileReference; lastKnownFileType = sourcecode.swift; path = AppDelegate.swift; sourceTree = "<group>"; };
		2B01F8672937A4460067385A /* SceneDelegate.swift */ = {isa = PBXFileReference; lastKnownFileType = sourcecode.swift; path = SceneDelegate.swift; sourceTree = "<group>"; };
		2B01F86C2937A4460067385A /* Base */ = {isa = PBXFileReference; lastKnownFileType = file.storyboard; name = Base; path = Base.lproj/Main.storyboard; sourceTree = "<group>"; };
		2B01F86E2937A4480067385A /* Assets.xcassets */ = {isa = PBXFileReference; lastKnownFileType = folder.assetcatalog; path = Assets.xcassets; sourceTree = "<group>"; };
		2B01F8712937A4480067385A /* Base */ = {isa = PBXFileReference; lastKnownFileType = file.storyboard; name = Base; path = Base.lproj/LaunchScreen.storyboard; sourceTree = "<group>"; };
		2B01F8732937A4480067385A /* Info.plist */ = {isa = PBXFileReference; lastKnownFileType = text.plist.xml; path = Info.plist; sourceTree = "<group>"; };
		2B01F8792937A45C0067385A /* GoogleService-Info.plist */ = {isa = PBXFileReference; fileEncoding = 4; lastKnownFileType = text.plist.xml; path = "GoogleService-Info.plist"; sourceTree = "<group>"; };
		2B01F8972938F19D0067385A /* ProfileViewController.swift */ = {isa = PBXFileReference; lastKnownFileType = sourcecode.swift; path = ProfileViewController.swift; sourceTree = "<group>"; };
		2B01F8992938F5580067385A /* EventsViewController.swift */ = {isa = PBXFileReference; lastKnownFileType = sourcecode.swift; path = EventsViewController.swift; sourceTree = "<group>"; };
		2B36ED19296CBA8E009EE219 /* RealityKit.framework */ = {isa = PBXFileReference; lastKnownFileType = wrapper.framework; name = RealityKit.framework; path = System/Library/Frameworks/RealityKit.framework; sourceTree = SDKROOT; };
		2B59AE18296D8306003E2015 /* data.json */ = {isa = PBXFileReference; fileEncoding = 4; lastKnownFileType = text.json; path = data.json; sourceTree = "<group>"; };
		2B67B0062974905F00B7FE38 /* BookingsViewCell.swift */ = {isa = PBXFileReference; lastKnownFileType = sourcecode.swift; path = BookingsViewCell.swift; sourceTree = "<group>"; };
		2BA6F082296B9ABF000B3010 /* EventCell.swift */ = {isa = PBXFileReference; lastKnownFileType = sourcecode.swift; path = EventCell.swift; sourceTree = "<group>"; };
		2BA6F086296C9F9C000B3010 /* CrowdMapViewController.swift */ = {isa = PBXFileReference; lastKnownFileType = sourcecode.swift; path = CrowdMapViewController.swift; sourceTree = "<group>"; };
		2BA6F088296C9FAF000B3010 /* RootARViewController.swift */ = {isa = PBXFileReference; lastKnownFileType = sourcecode.swift; path = RootARViewController.swift; sourceTree = "<group>"; };
		2BC283E92974473200D80DB2 /* EventsListHeaderView.swift */ = {isa = PBXFileReference; lastKnownFileType = sourcecode.swift; path = EventsListHeaderView.swift; sourceTree = "<group>"; };
		2BC283EB2974597300D80DB2 /* CollectionReusableView.swift */ = {isa = PBXFileReference; lastKnownFileType = sourcecode.swift; path = CollectionReusableView.swift; sourceTree = "<group>"; };
		2BCFB446296CC76B00C2AB7E /* Experience.rcproject */ = {isa = PBXFileReference; lastKnownFileType = file.rcproject; path = Experience.rcproject; sourceTree = "<group>"; };
		2BCFB448296CCAE900C2AB7E /* ARViewController.swift */ = {isa = PBXFileReference; lastKnownFileType = sourcecode.swift; path = ARViewController.swift; sourceTree = "<group>"; };
		9CB1E822C81D7D70A4291DED /* Pods-WorldScienceFestival.debug.xcconfig */ = {isa = PBXFileReference; includeInIndex = 1; lastKnownFileType = text.xcconfig; name = "Pods-WorldScienceFestival.debug.xcconfig"; path = "Target Support Files/Pods-WorldScienceFestival/Pods-WorldScienceFestival.debug.xcconfig"; sourceTree = "<group>"; };
		E08CD4CF31969B969BE0E789 /* Pods-WorldScienceFestival.release.xcconfig */ = {isa = PBXFileReference; includeInIndex = 1; lastKnownFileType = text.xcconfig; name = "Pods-WorldScienceFestival.release.xcconfig"; path = "Target Support Files/Pods-WorldScienceFestival/Pods-WorldScienceFestival.release.xcconfig"; sourceTree = "<group>"; };
		F3A13C1B453C19C721E84BF2 /* Pods_WorldScienceFestival.framework */ = {isa = PBXFileReference; explicitFileType = wrapper.framework; includeInIndex = 0; path = Pods_WorldScienceFestival.framework; sourceTree = BUILT_PRODUCTS_DIR; };
/* End PBXFileReference section */

/* Begin PBXFrameworksBuildPhase section */
		2B01F85F2937A4460067385A /* Frameworks */ = {
			isa = PBXFrameworksBuildPhase;
			buildActionMask = 2147483647;
			files = (
				2BCFB445296CC48D00C2AB7E /* RealityKit.framework in Frameworks */,
				99031E230E0283E05C259C3A /* Pods_WorldScienceFestival.framework in Frameworks */,
			);
			runOnlyForDeploymentPostprocessing = 0;
		};
/* End PBXFrameworksBuildPhase section */

/* Begin PBXGroup section */
		162E7B739D7AB390A29F5F5A /* Pods */ = {
			isa = PBXGroup;
			children = (
				9CB1E822C81D7D70A4291DED /* Pods-WorldScienceFestival.debug.xcconfig */,
				E08CD4CF31969B969BE0E789 /* Pods-WorldScienceFestival.release.xcconfig */,
			);
			path = Pods;
			sourceTree = "<group>";
		};
		2B01F8592937A4460067385A = {
			isa = PBXGroup;
			children = (
				2B01F8642937A4460067385A /* WorldScienceFestival */,
				2B01F8632937A4460067385A /* Products */,
				162E7B739D7AB390A29F5F5A /* Pods */,
				792C913492863FB27A4882CD /* Frameworks */,
			);
			sourceTree = "<group>";
		};
		2B01F8632937A4460067385A /* Products */ = {
			isa = PBXGroup;
			children = (
				2B01F8622937A4460067385A /* WorldScienceFestival.app */,
			);
			name = Products;
			sourceTree = "<group>";
		};
		2B01F8642937A4460067385A /* WorldScienceFestival */ = {
			isa = PBXGroup;
			children = (
				2B01F8792937A45C0067385A /* GoogleService-Info.plist */,
				2B01F8652937A4460067385A /* AppDelegate.swift */,
				2B01F8672937A4460067385A /* SceneDelegate.swift */,
				2BA6F082296B9ABF000B3010 /* EventCell.swift */,
				2B67B0062974905F00B7FE38 /* BookingsViewCell.swift */,
				2B01F8992938F5580067385A /* EventsViewController.swift */,
				2B01F8972938F19D0067385A /* ProfileViewController.swift */,
				2BC283E92974473200D80DB2 /* EventsListHeaderView.swift */,
				2BC283EB2974597300D80DB2 /* CollectionReusableView.swift */,
				2BA6F086296C9F9C000B3010 /* CrowdMapViewController.swift */,
				2BCFB448296CCAE900C2AB7E /* ARViewController.swift */,
				2B59AE18296D8306003E2015 /* data.json */,
				2BA6F088296C9FAF000B3010 /* RootARViewController.swift */,
				2BCFB446296CC76B00C2AB7E /* Experience.rcproject */,
				2B01F86B2937A4460067385A /* Main.storyboard */,
				2B01F86E2937A4480067385A /* Assets.xcassets */,
				2B01F8702937A4480067385A /* LaunchScreen.storyboard */,
				2B01F8732937A4480067385A /* Info.plist */,
			);
			path = WorldScienceFestival;
			sourceTree = "<group>";
		};
		792C913492863FB27A4882CD /* Frameworks */ = {
			isa = PBXGroup;
			children = (
				2B36ED19296CBA8E009EE219 /* RealityKit.framework */,
				F3A13C1B453C19C721E84BF2 /* Pods_WorldScienceFestival.framework */,
			);
			name = Frameworks;
			sourceTree = "<group>";
		};
/* End PBXGroup section */

/* Begin PBXNativeTarget section */
		2B01F8612937A4460067385A /* WorldScienceFestival */ = {
			isa = PBXNativeTarget;
			buildConfigurationList = 2B01F8762937A4480067385A /* Build configuration list for PBXNativeTarget "WorldScienceFestival" */;
			buildPhases = (
				27E17D561565C45F3BDE46EF /* [CP] Check Pods Manifest.lock */,
				2B01F85E2937A4460067385A /* Sources */,
				2B01F85F2937A4460067385A /* Frameworks */,
				2B01F8602937A4460067385A /* Resources */,
				49F7D52F8D52DB2B5EF1E9F3 /* [CP] Embed Pods Frameworks */,
			);
			buildRules = (
			);
			dependencies = (
			);
			name = WorldScienceFestival;
			productName = WorldScienceFestival;
			productReference = 2B01F8622937A4460067385A /* WorldScienceFestival.app */;
			productType = "com.apple.product-type.application";
		};
/* End PBXNativeTarget section */

/* Begin PBXProject section */
		2B01F85A2937A4460067385A /* Project object */ = {
			isa = PBXProject;
			attributes = {
				BuildIndependentTargetsInParallel = 1;
				LastSwiftUpdateCheck = 1410;
				LastUpgradeCheck = 1410;
				TargetAttributes = {
					2B01F8612937A4460067385A = {
						CreatedOnToolsVersion = 14.1;
					};
				};
			};
			buildConfigurationList = 2B01F85D2937A4460067385A /* Build configuration list for PBXProject "WorldScienceFestival" */;
			compatibilityVersion = "Xcode 14.0";
			developmentRegion = en;
			hasScannedForEncodings = 0;
			knownRegions = (
				en,
				Base,
			);
			mainGroup = 2B01F8592937A4460067385A;
			productRefGroup = 2B01F8632937A4460067385A /* Products */;
			projectDirPath = "";
			projectRoot = "";
			targets = (
				2B01F8612937A4460067385A /* WorldScienceFestival */,
			);
		};
/* End PBXProject section */

/* Begin PBXResourcesBuildPhase section */
		2B01F8602937A4460067385A /* Resources */ = {
			isa = PBXResourcesBuildPhase;
			buildActionMask = 2147483647;
			files = (
				2B01F8722937A4480067385A /* LaunchScreen.storyboard in Resources */,
				2B01F87A2937A45C0067385A /* GoogleService-Info.plist in Resources */,
				2B01F86F2937A4480067385A /* Assets.xcassets in Resources */,
				2B59AE19296D8307003E2015 /* data.json in Resources */,
				2B01F86D2937A4460067385A /* Main.storyboard in Resources */,
			);
			runOnlyForDeploymentPostprocessing = 0;
		};
/* End PBXResourcesBuildPhase section */

/* Begin PBXShellScriptBuildPhase section */
		27E17D561565C45F3BDE46EF /* [CP] Check Pods Manifest.lock */ = {
			isa = PBXShellScriptBuildPhase;
			buildActionMask = 2147483647;
			files = (
			);
			inputFileListPaths = (
			);
			inputPaths = (
				"${PODS_PODFILE_DIR_PATH}/Podfile.lock",
				"${PODS_ROOT}/Manifest.lock",
			);
			name = "[CP] Check Pods Manifest.lock";
			outputFileListPaths = (
			);
			outputPaths = (
				"$(DERIVED_FILE_DIR)/Pods-WorldScienceFestival-checkManifestLockResult.txt",
			);
			runOnlyForDeploymentPostprocessing = 0;
			shellPath = /bin/sh;
			shellScript = "diff \"${PODS_PODFILE_DIR_PATH}/Podfile.lock\" \"${PODS_ROOT}/Manifest.lock\" > /dev/null\nif [ $? != 0 ] ; then\n    # print error to STDERR\n    echo \"error: The sandbox is not in sync with the Podfile.lock. Run 'pod install' or update your CocoaPods installation.\" >&2\n    exit 1\nfi\n# This output is used by Xcode 'outputs' to avoid re-running this script phase.\necho \"SUCCESS\" > \"${SCRIPT_OUTPUT_FILE_0}\"\n";
			showEnvVarsInLog = 0;
		};
		49F7D52F8D52DB2B5EF1E9F3 /* [CP] Embed Pods Frameworks */ = {
			isa = PBXShellScriptBuildPhase;
			buildActionMask = 2147483647;
			files = (
			);
			inputFileListPaths = (
				"${PODS_ROOT}/Target Support Files/Pods-WorldScienceFestival/Pods-WorldScienceFestival-frameworks-${CONFIGURATION}-input-files.xcfilelist",
			);
			name = "[CP] Embed Pods Frameworks";
			outputFileListPaths = (
				"${PODS_ROOT}/Target Support Files/Pods-WorldScienceFestival/Pods-WorldScienceFestival-frameworks-${CONFIGURATION}-output-files.xcfilelist",
			);
			runOnlyForDeploymentPostprocessing = 0;
			shellPath = /bin/sh;
			shellScript = "\"${PODS_ROOT}/Target Support Files/Pods-WorldScienceFestival/Pods-WorldScienceFestival-frameworks.sh\"\n";
			showEnvVarsInLog = 0;
		};
/* End PBXShellScriptBuildPhase section */

/* Begin PBXSourcesBuildPhase section */
		2B01F85E2937A4460067385A /* Sources */ = {
			isa = PBXSourcesBuildPhase;
			buildActionMask = 2147483647;
			files = (
				2BC283EA2974473200D80DB2 /* EventsListHeaderView.swift in Sources */,
				2BC283EC2974597300D80DB2 /* CollectionReusableView.swift in Sources */,
				2BA6F089296C9FAF000B3010 /* RootARViewController.swift in Sources */,
				2B01F8662937A4460067385A /* AppDelegate.swift in Sources */,
				2B01F8982938F19D0067385A /* ProfileViewController.swift in Sources */,
				2BCFB449296CCAE900C2AB7E /* ARViewController.swift in Sources */,
				2BA6F083296B9AC0000B3010 /* EventCell.swift in Sources */,
				2B01F8682937A4460067385A /* SceneDelegate.swift in Sources */,
				2B67B0072974905F00B7FE38 /* BookingsViewCell.swift in Sources */,
				2B01F89A2938F5580067385A /* EventsViewController.swift in Sources */,
				2BCFB447296CC76C00C2AB7E /* Experience.rcproject in Sources */,
				2BA6F087296C9F9C000B3010 /* CrowdMapViewController.swift in Sources */,
			);
			runOnlyForDeploymentPostprocessing = 0;
		};
/* End PBXSourcesBuildPhase section */

/* Begin PBXVariantGroup section */
		2B01F86B2937A4460067385A /* Main.storyboard */ = {
			isa = PBXVariantGroup;
			children = (
				2B01F86C2937A4460067385A /* Base */,
			);
			name = Main.storyboard;
			sourceTree = "<group>";
		};
		2B01F8702937A4480067385A /* LaunchScreen.storyboard */ = {
			isa = PBXVariantGroup;
			children = (
				2B01F8712937A4480067385A /* Base */,
			);
			name = LaunchScreen.storyboard;
			sourceTree = "<group>";
		};
/* End PBXVariantGroup section */

/* Begin XCBuildConfiguration section */
		2B01F8742937A4480067385A /* Debug */ = {
			isa = XCBuildConfiguration;
			buildSettings = {
				ALWAYS_SEARCH_USER_PATHS = NO;
				CLANG_ANALYZER_NONNULL = YES;
				CLANG_ANALYZER_NUMBER_OBJECT_CONVERSION = YES_AGGRESSIVE;
				CLANG_CXX_LANGUAGE_STANDARD = "gnu++20";
				CLANG_ENABLE_MODULES = YES;
				CLANG_ENABLE_OBJC_ARC = YES;
				CLANG_ENABLE_OBJC_WEAK = YES;
				CLANG_WARN_BLOCK_CAPTURE_AUTORELEASING = YES;
				CLANG_WARN_BOOL_CONVERSION = YES;
				CLANG_WARN_COMMA = YES;
				CLANG_WARN_CONSTANT_CONVERSION = YES;
				CLANG_WARN_DEPRECATED_OBJC_IMPLEMENTATIONS = YES;
				CLANG_WARN_DIRECT_OBJC_ISA_USAGE = YES_ERROR;
				CLANG_WARN_DOCUMENTATION_COMMENTS = YES;
				CLANG_WARN_EMPTY_BODY = YES;
				CLANG_WARN_ENUM_CONVERSION = YES;
				CLANG_WARN_INFINITE_RECURSION = YES;
				CLANG_WARN_INT_CONVERSION = YES;
				CLANG_WARN_NON_LITERAL_NULL_CONVERSION = YES;
				CLANG_WARN_OBJC_IMPLICIT_RETAIN_SELF = YES;
				CLANG_WARN_OBJC_LITERAL_CONVERSION = YES;
				CLANG_WARN_OBJC_ROOT_CLASS = YES_ERROR;
				CLANG_WARN_QUOTED_INCLUDE_IN_FRAMEWORK_HEADER = YES;
				CLANG_WARN_RANGE_LOOP_ANALYSIS = YES;
				CLANG_WARN_STRICT_PROTOTYPES = YES;
				CLANG_WARN_SUSPICIOUS_MOVE = YES;
				CLANG_WARN_UNGUARDED_AVAILABILITY = YES_AGGRESSIVE;
				CLANG_WARN_UNREACHABLE_CODE = YES;
				CLANG_WARN__DUPLICATE_METHOD_MATCH = YES;
				COPY_PHASE_STRIP = NO;
				DEBUG_INFORMATION_FORMAT = dwarf;
				ENABLE_STRICT_OBJC_MSGSEND = YES;
				ENABLE_TESTABILITY = YES;
				GCC_C_LANGUAGE_STANDARD = gnu11;
				GCC_DYNAMIC_NO_PIC = NO;
				GCC_NO_COMMON_BLOCKS = YES;
				GCC_OPTIMIZATION_LEVEL = 0;
				GCC_PREPROCESSOR_DEFINITIONS = (
					"DEBUG=1",
					"$(inherited)",
				);
				GCC_WARN_64_TO_32_BIT_CONVERSION = YES;
				GCC_WARN_ABOUT_RETURN_TYPE = YES_ERROR;
				GCC_WARN_UNDECLARED_SELECTOR = YES;
				GCC_WARN_UNINITIALIZED_AUTOS = YES_AGGRESSIVE;
				GCC_WARN_UNUSED_FUNCTION = YES;
				GCC_WARN_UNUSED_VARIABLE = YES;
				IPHONEOS_DEPLOYMENT_TARGET = 16.1;
				MTL_ENABLE_DEBUG_INFO = INCLUDE_SOURCE;
				MTL_FAST_MATH = YES;
				ONLY_ACTIVE_ARCH = YES;
				SDKROOT = iphoneos;
				SWIFT_ACTIVE_COMPILATION_CONDITIONS = DEBUG;
				SWIFT_OPTIMIZATION_LEVEL = "-Onone";
			};
			name = Debug;
		};
		2B01F8752937A4480067385A /* Release */ = {
			isa = XCBuildConfiguration;
			buildSettings = {
				ALWAYS_SEARCH_USER_PATHS = NO;
				CLANG_ANALYZER_NONNULL = YES;
				CLANG_ANALYZER_NUMBER_OBJECT_CONVERSION = YES_AGGRESSIVE;
				CLANG_CXX_LANGUAGE_STANDARD = "gnu++20";
				CLANG_ENABLE_MODULES = YES;
				CLANG_ENABLE_OBJC_ARC = YES;
				CLANG_ENABLE_OBJC_WEAK = YES;
				CLANG_WARN_BLOCK_CAPTURE_AUTORELEASING = YES;
				CLANG_WARN_BOOL_CONVERSION = YES;
				CLANG_WARN_COMMA = YES;
				CLANG_WARN_CONSTANT_CONVERSION = YES;
				CLANG_WARN_DEPRECATED_OBJC_IMPLEMENTATIONS = YES;
				CLANG_WARN_DIRECT_OBJC_ISA_USAGE = YES_ERROR;
				CLANG_WARN_DOCUMENTATION_COMMENTS = YES;
				CLANG_WARN_EMPTY_BODY = YES;
				CLANG_WARN_ENUM_CONVERSION = YES;
				CLANG_WARN_INFINITE_RECURSION = YES;
				CLANG_WARN_INT_CONVERSION = YES;
				CLANG_WARN_NON_LITERAL_NULL_CONVERSION = YES;
				CLANG_WARN_OBJC_IMPLICIT_RETAIN_SELF = YES;
				CLANG_WARN_OBJC_LITERAL_CONVERSION = YES;
				CLANG_WARN_OBJC_ROOT_CLASS = YES_ERROR;
				CLANG_WARN_QUOTED_INCLUDE_IN_FRAMEWORK_HEADER = YES;
				CLANG_WARN_RANGE_LOOP_ANALYSIS = YES;
				CLANG_WARN_STRICT_PROTOTYPES = YES;
				CLANG_WARN_SUSPICIOUS_MOVE = YES;
				CLANG_WARN_UNGUARDED_AVAILABILITY = YES_AGGRESSIVE;
				CLANG_WARN_UNREACHABLE_CODE = YES;
				CLANG_WARN__DUPLICATE_METHOD_MATCH = YES;
				COPY_PHASE_STRIP = NO;
				DEBUG_INFORMATION_FORMAT = "dwarf-with-dsym";
				ENABLE_NS_ASSERTIONS = NO;
				ENABLE_STRICT_OBJC_MSGSEND = YES;
				GCC_C_LANGUAGE_STANDARD = gnu11;
				GCC_NO_COMMON_BLOCKS = YES;
				GCC_WARN_64_TO_32_BIT_CONVERSION = YES;
				GCC_WARN_ABOUT_RETURN_TYPE = YES_ERROR;
				GCC_WARN_UNDECLARED_SELECTOR = YES;
				GCC_WARN_UNINITIALIZED_AUTOS = YES_AGGRESSIVE;
				GCC_WARN_UNUSED_FUNCTION = YES;
				GCC_WARN_UNUSED_VARIABLE = YES;
				IPHONEOS_DEPLOYMENT_TARGET = 16.1;
				MTL_ENABLE_DEBUG_INFO = NO;
				MTL_FAST_MATH = YES;
				SDKROOT = iphoneos;
				SWIFT_COMPILATION_MODE = wholemodule;
				SWIFT_OPTIMIZATION_LEVEL = "-O";
				VALIDATE_PRODUCT = YES;
			};
			name = Release;
		};
		2B01F8772937A4480067385A /* Debug */ = {
			isa = XCBuildConfiguration;
			baseConfigurationReference = 9CB1E822C81D7D70A4291DED /* Pods-WorldScienceFestival.debug.xcconfig */;
			buildSettings = {
				ASSETCATALOG_COMPILER_APPICON_NAME = AppIcon;
				ASSETCATALOG_COMPILER_GLOBAL_ACCENT_COLOR_NAME = AccentColor;
				CODE_SIGN_STYLE = Automatic;
				CURRENT_PROJECT_VERSION = 1;
				DEVELOPMENT_TEAM = R9XJ622U85;
				GENERATE_INFOPLIST_FILE = YES;
				INFOPLIST_FILE = WorldScienceFestival/Info.plist;
				INFOPLIST_KEY_CFBundleDisplayName = "World Science Festival";
				INFOPLIST_KEY_LSApplicationCategoryType = "public.app-category.entertainment";
				INFOPLIST_KEY_NSCameraUsageDescription = "We need to access your camera to use the AR functionality!";
				INFOPLIST_KEY_UIApplicationSupportsIndirectInputEvents = YES;
				INFOPLIST_KEY_UILaunchStoryboardName = LaunchScreen;
				INFOPLIST_KEY_UIMainStoryboardFile = Main;
				INFOPLIST_KEY_UISupportedInterfaceOrientations = UIInterfaceOrientationPortrait;
				INFOPLIST_KEY_UISupportedInterfaceOrientations_iPad = "UIInterfaceOrientationPortrait UIInterfaceOrientationPortraitUpsideDown";
				LD_RUNPATH_SEARCH_PATHS = (
					"$(inherited)",
					"@executable_path/Frameworks",
				);
				MARKETING_VERSION = 1.0;
				PRODUCT_BUNDLE_IDENTIFIER = nl.fontys.wsf;
				PRODUCT_NAME = "$(TARGET_NAME)";
				SWIFT_EMIT_LOC_STRINGS = YES;
				SWIFT_VERSION = 5.0;
				TARGETED_DEVICE_FAMILY = "1,2";
			};
			name = Debug;
		};
		2B01F8782937A4480067385A /* Release */ = {
			isa = XCBuildConfiguration;
			baseConfigurationReference = E08CD4CF31969B969BE0E789 /* Pods-WorldScienceFestival.release.xcconfig */;
			buildSettings = {
				ASSETCATALOG_COMPILER_APPICON_NAME = AppIcon;
				ASSETCATALOG_COMPILER_GLOBAL_ACCENT_COLOR_NAME = AccentColor;
				CODE_SIGN_STYLE = Automatic;
				CURRENT_PROJECT_VERSION = 1;
				DEVELOPMENT_TEAM = R9XJ622U85;
				GENERATE_INFOPLIST_FILE = YES;
				INFOPLIST_FILE = WorldScienceFestival/Info.plist;
				INFOPLIST_KEY_CFBundleDisplayName = "World Science Festival";
				INFOPLIST_KEY_LSApplicationCategoryType = "public.app-category.entertainment";
				INFOPLIST_KEY_NSCameraUsageDescription = "We need to access your camera to use the AR functionality!";
				INFOPLIST_KEY_UIApplicationSupportsIndirectInputEvents = YES;
				INFOPLIST_KEY_UILaunchStoryboardName = LaunchScreen;
				INFOPLIST_KEY_UIMainStoryboardFile = Main;
				INFOPLIST_KEY_UISupportedInterfaceOrientations = UIInterfaceOrientationPortrait;
				INFOPLIST_KEY_UISupportedInterfaceOrientations_iPad = "UIInterfaceOrientationPortrait UIInterfaceOrientationPortraitUpsideDown";
				LD_RUNPATH_SEARCH_PATHS = (
					"$(inherited)",
					"@executable_path/Frameworks",
				);
				MARKETING_VERSION = 1.0;
				PRODUCT_BUNDLE_IDENTIFIER = nl.fontys.wsf;
				PRODUCT_NAME = "$(TARGET_NAME)";
				SWIFT_EMIT_LOC_STRINGS = YES;
				SWIFT_VERSION = 5.0;
				TARGETED_DEVICE_FAMILY = "1,2";
			};
			name = Release;
		};
/* End XCBuildConfiguration section */

/* Begin XCConfigurationList section */
		2B01F85D2937A4460067385A /* Build configuration list for PBXProject "WorldScienceFestival" */ = {
			isa = XCConfigurationList;
			buildConfigurations = (
				2B01F8742937A4480067385A /* Debug */,
				2B01F8752937A4480067385A /* Release */,
			);
			defaultConfigurationIsVisible = 0;
			defaultConfigurationName = Release;
		};
		2B01F8762937A4480067385A /* Build configuration list for PBXNativeTarget "WorldScienceFestival" */ = {
			isa = XCConfigurationList;
			buildConfigurations = (
				2B01F8772937A4480067385A /* Debug */,
				2B01F8782937A4480067385A /* Release */,
			);
			defaultConfigurationIsVisible = 0;
			defaultConfigurationName = Release;
		};
/* End XCConfigurationList section */
	};
	rootObject = 2B01F85A2937A4460067385A /* Project object */;
}
